
Microsoft Visual Studio Solution File, Format Version 12.00
# Visual Studio Version 17
VisualStudioVersion = 17.7.34024.191
MinimumVisualStudioVersion = 10.0.40219.1
Project("{FAE04EC0-301F-11D3-BF4B-00C04F79EFBC}") = "SalesRep OOP", "SalesRep\SalesRep OOP.csproj", "{3BB3001C-7E75-4656-B809-00C0F2DBAFD6}"
EndProject
Global
	GlobalSection(SolutionConfigurationPlatforms) = preSolution
		Debug|Any CPU = Debug|Any CPU
		Release|Any CPU = Release|Any CPU
	EndGlobalSection
	GlobalSection(ProjectConfigurationPlatforms) = postSolution
		{3BB3001C-7E75-4656-B809-00C0F2DBAFD6}.Debug|Any CPU.ActiveCfg = Debug|Any CPU
		{3BB3001C-7E75-4656-B809-00C0F2DBAFD6}.Debug|Any CPU.Build.0 = Debug|Any CPU
		{3BB3001C-7E75-4656-B809-00C0F2DBAFD6}.Release|Any CPU.ActiveCfg = Release|Any CPU
		{3BB3001C-7E75-4656-B809-00C0F2DBAFD6}.Release|Any CPU.Build.0 = Release|Any CPU
	EndGlobalSection
	GlobalSection(SolutionProperties) = preSolution
		HideSolutionNode = FALSE
	EndGlobalSection
	GlobalSection(ExtensibilityGlobals) = postSolution
		SolutionGuid = {7F7495D7-9AA3-47EB-96E7-A2AF06004E84}
	EndGlobalSection
EndGlobal
